
Microsoft Visual Studio Solution File, Format Version 12.00
# Visual Studio Express 2012 for Windows Desktop
Project("{FAE04EC0-301F-11D3-BF4B-00C04F79EFBC}") = "Factorials", "Factorials\Factorials.csproj", "{698387DC-156C-4B25-AF48-6F2C73FCECEA}"
EndProject
Global
	GlobalSection(SolutionConfigurationPlatforms) = preSolution
		Debug|Any CPU = Debug|Any CPU
		Release|Any CPU = Release|Any CPU
	EndGlobalSection
	GlobalSection(ProjectConfigurationPlatforms) = postSolution
		{698387DC-156C-4B25-AF48-6F2C73FCECEA}.Debug|Any CPU.ActiveCfg = Debug|Any CPU
		{698387DC-156C-4B25-AF48-6F2C73FCECEA}.Debug|Any CPU.Build.0 = Debug|Any CPU
		{698387DC-156C-4B25-AF48-6F2C73FCECEA}.Release|Any CPU.ActiveCfg = Release|Any CPU
		{698387DC-156C-4B25-AF48-6F2C73FCECEA}.Release|Any CPU.Build.0 = Release|Any CPU
	EndGlobalSection
	GlobalSection(SolutionProperties) = preSolution
		HideSolutionNode = FALSE
	EndGlobalSection
EndGlobal
